
Microsoft Visual Studio Solution File, Format Version 11.00
# Visual Studio 2010
Project("{F184B08F-C81C-45F6-A57F-5ABD9991F28F}") = "Restuarant and Bar System", "Restuarant and Bar System\Restuarant and Bar System.vbproj", "{32D5B1FF-0CB9-4B11-8AD3-FB22663804C4}"
EndProject
Global
	GlobalSection(SolutionConfigurationPlatforms) = preSolution
		Debug|x86 = Debug|x86
		Release|x86 = Release|x86
	EndGlobalSection
	GlobalSection(ProjectConfigurationPlatforms) = postSolution
		{32D5B1FF-0CB9-4B11-8AD3-FB22663804C4}.Debug|x86.ActiveCfg = Debug|x86
		{32D5B1FF-0CB9-4B11-8AD3-FB22663804C4}.Debug|x86.Build.0 = Debug|x86
		{32D5B1FF-0CB9-4B11-8AD3-FB22663804C4}.Release|x86.ActiveCfg = Release|x86
		{32D5B1FF-0CB9-4B11-8AD3-FB22663804C4}.Release|x86.Build.0 = Release|x86
	EndGlobalSection
	GlobalSection(SolutionProperties) = preSolution
		HideSolutionNode = FALSE
	EndGlobalSection
EndGlobal
